
Microsoft Visual Studio Solution File, Format Version 12.00
# Visual Studio Version 16
VisualStudioVersion = 16.0.31624.102
MinimumVisualStudioVersion = 10.0.40219.1
Project("{FAE04EC0-301F-11D3-BF4B-00C04F79EFBC}") = "Motored Vehicle", "Motored Vehicle\Motored Vehicle.csproj", "{AF06C952-BC8C-4CFD-B1D2-C690C86F8773}"
EndProject
Global
	GlobalSection(SolutionConfigurationPlatforms) = preSolution
		Debug|Any CPU = Debug|Any CPU
		Release|Any CPU = Release|Any CPU
	EndGlobalSection
	GlobalSection(ProjectConfigurationPlatforms) = postSolution
		{AF06C952-BC8C-4CFD-B1D2-C690C86F8773}.Debug|Any CPU.ActiveCfg = Debug|Any CPU
		{AF06C952-BC8C-4CFD-B1D2-C690C86F8773}.Debug|Any CPU.Build.0 = Debug|Any CPU
		{AF06C952-BC8C-4CFD-B1D2-C690C86F8773}.Release|Any CPU.ActiveCfg = Release|Any CPU
		{AF06C952-BC8C-4CFD-B1D2-C690C86F8773}.Release|Any CPU.Build.0 = Release|Any CPU
	EndGlobalSection
	GlobalSection(SolutionProperties) = preSolution
		HideSolutionNode = FALSE
	EndGlobalSection
	GlobalSection(ExtensibilityGlobals) = postSolution
		SolutionGuid = {FF06704C-37AE-4626-9174-26EE8B4C0E70}
	EndGlobalSection
EndGlobal
