
Microsoft Visual Studio Solution File, Format Version 12.00
# Visual Studio Version 16
VisualStudioVersion = 16.0.31624.102
MinimumVisualStudioVersion = 10.0.40219.1
Project("{FAE04EC0-301F-11D3-BF4B-00C04F79EFBC}") = "Facebook", "Facebook\Facebook.csproj", "{60693C14-940A-4122-9834-015CDDEF7D13}"
EndProject
Global
	GlobalSection(SolutionConfigurationPlatforms) = preSolution
		Debug|Any CPU = Debug|Any CPU
		Release|Any CPU = Release|Any CPU
	EndGlobalSection
	GlobalSection(ProjectConfigurationPlatforms) = postSolution
		{60693C14-940A-4122-9834-015CDDEF7D13}.Debug|Any CPU.ActiveCfg = Debug|Any CPU
		{60693C14-940A-4122-9834-015CDDEF7D13}.Debug|Any CPU.Build.0 = Debug|Any CPU
		{60693C14-940A-4122-9834-015CDDEF7D13}.Release|Any CPU.ActiveCfg = Release|Any CPU
		{60693C14-940A-4122-9834-015CDDEF7D13}.Release|Any CPU.Build.0 = Release|Any CPU
	EndGlobalSection
	GlobalSection(SolutionProperties) = preSolution
		HideSolutionNode = FALSE
	EndGlobalSection
	GlobalSection(ExtensibilityGlobals) = postSolution
		SolutionGuid = {379F49E8-3484-403C-AA0A-877091D94979}
	EndGlobalSection
EndGlobal
